
Microsoft Visual Studio Solution File, Format Version 12.00
Project("{FAE04EC0-301F-11D3-BF4B-00C04F79EFBC}") = "FistsOfFury", "FistsOfFury\FistsOfFury.csproj", "{902420BB-8708-40D0-96CB-8F87C4FD9F1B}"
EndProject
Project("{2150E333-8FDC-42A3-9474-1A3956D46DE8}") = "MeleeAnimationBaseMod", "MeleeAnimationBaseMod", "{9BA975B8-EF48-4148-891A-FF01FBC5D1BC}"
EndProject
Project("{FAE04EC0-301F-11D3-BF4B-00C04F79EFBC}") = "AnimationMod", "..\Melee-Animation\Source\1.5\AnimationMod\AnimationMod.csproj", "{C62E5E7C-DE79-4D66-B4D3-5D2A2D6E061C}"
EndProject
Project("{FAE04EC0-301F-11D3-BF4B-00C04F79EFBC}") = "AMRetextureSupport", "..\Melee-Animation\Source\1.5\AMRetextureSupport\AMRetextureSupport.csproj", "{27F4B716-9E27-4517-9C6F-70F14FCBAF58}"
EndProject
Project("{FAE04EC0-301F-11D3-BF4B-00C04F79EFBC}") = "ModRequestAPI", "..\Melee-Animation\Source\1.5\ModRequestAPI\ModRequestAPI.csproj", "{536B757D-6947-48E8-BE63-73B2DD3933B1}"
EndProject
Project("{FAE04EC0-301F-11D3-BF4B-00C04F79EFBC}") = "ModRequestAPI.Models", "..\Melee-Animation\Source\1.5\ModRequestAPI.Models\ModRequestAPI.Models.csproj", "{CA5FD3DF-DFCE-48AE-8B70-97C97A845F89}"
EndProject
Global
	GlobalSection(SolutionConfigurationPlatforms) = preSolution
		Debug|Any CPU = Debug|Any CPU
		Release|Any CPU = Release|Any CPU
	EndGlobalSection
	GlobalSection(ProjectConfigurationPlatforms) = postSolution
		{902420BB-8708-40D0-96CB-8F87C4FD9F1B}.Debug|Any CPU.ActiveCfg = Debug|Any CPU
		{902420BB-8708-40D0-96CB-8F87C4FD9F1B}.Debug|Any CPU.Build.0 = Debug|Any CPU
		{902420BB-8708-40D0-96CB-8F87C4FD9F1B}.Release|Any CPU.ActiveCfg = Release|Any CPU
		{902420BB-8708-40D0-96CB-8F87C4FD9F1B}.Release|Any CPU.Build.0 = Release|Any CPU
		{C62E5E7C-DE79-4D66-B4D3-5D2A2D6E061C}.Debug|Any CPU.ActiveCfg = Debug|Any CPU
		{C62E5E7C-DE79-4D66-B4D3-5D2A2D6E061C}.Debug|Any CPU.Build.0 = Debug|Any CPU
		{C62E5E7C-DE79-4D66-B4D3-5D2A2D6E061C}.Release|Any CPU.ActiveCfg = Release|Any CPU
		{C62E5E7C-DE79-4D66-B4D3-5D2A2D6E061C}.Release|Any CPU.Build.0 = Release|Any CPU
		{27F4B716-9E27-4517-9C6F-70F14FCBAF58}.Debug|Any CPU.ActiveCfg = Debug|Any CPU
		{27F4B716-9E27-4517-9C6F-70F14FCBAF58}.Debug|Any CPU.Build.0 = Debug|Any CPU
		{27F4B716-9E27-4517-9C6F-70F14FCBAF58}.Release|Any CPU.ActiveCfg = Release|Any CPU
		{27F4B716-9E27-4517-9C6F-70F14FCBAF58}.Release|Any CPU.Build.0 = Release|Any CPU
		{536B757D-6947-48E8-BE63-73B2DD3933B1}.Debug|Any CPU.ActiveCfg = Debug|Any CPU
		{536B757D-6947-48E8-BE63-73B2DD3933B1}.Debug|Any CPU.Build.0 = Debug|Any CPU
		{536B757D-6947-48E8-BE63-73B2DD3933B1}.Release|Any CPU.ActiveCfg = Release|Any CPU
		{536B757D-6947-48E8-BE63-73B2DD3933B1}.Release|Any CPU.Build.0 = Release|Any CPU
		{CA5FD3DF-DFCE-48AE-8B70-97C97A845F89}.Debug|Any CPU.ActiveCfg = Debug|Any CPU
		{CA5FD3DF-DFCE-48AE-8B70-97C97A845F89}.Debug|Any CPU.Build.0 = Debug|Any CPU
		{CA5FD3DF-DFCE-48AE-8B70-97C97A845F89}.Release|Any CPU.ActiveCfg = Release|Any CPU
		{CA5FD3DF-DFCE-48AE-8B70-97C97A845F89}.Release|Any CPU.Build.0 = Release|Any CPU
	EndGlobalSection
	GlobalSection(NestedProjects) = preSolution
		{C62E5E7C-DE79-4D66-B4D3-5D2A2D6E061C} = {9BA975B8-EF48-4148-891A-FF01FBC5D1BC}
		{27F4B716-9E27-4517-9C6F-70F14FCBAF58} = {9BA975B8-EF48-4148-891A-FF01FBC5D1BC}
		{536B757D-6947-48E8-BE63-73B2DD3933B1} = {9BA975B8-EF48-4148-891A-FF01FBC5D1BC}
		{CA5FD3DF-DFCE-48AE-8B70-97C97A845F89} = {9BA975B8-EF48-4148-891A-FF01FBC5D1BC}
	EndGlobalSection
EndGlobal
